// !$*UTF8*$!
{
	archiveVersion = 1;
	classes = {
	};
	objectVersion = 56;
	objects = {

/* Begin PBXBuildFile section */
		153013BC2E4DB07B006FF943 /* FleetSchedulingApp.swift in Sources */ = {isa = PBXBuildFile; fileRef = 153013BB2E4DB07B006FF943 /* FleetSchedulingApp.swift */; };
		153013BE2E4DB07B006FF943 /* ContentView.swift in Sources */ = {isa = PBXBuildFile; fileRef = 153013BD2E4DB07B006FF943 /* ContentView.swift */; };
		153013C02E4DB07D006FF943 /* Assets.xcassets in Resources */ = {isa = PBXBuildFile; fileRef = 153013BF2E4DB07D006FF943 /* Assets.xcassets */; };
		153013C42E4DB07D006FF943 /* Preview Assets.xcassets in Resources */ = {isa = PBXBuildFile; fileRef = 153013C32E4DB07D006FF943 /* Preview Assets.xcassets */; };
		153013CE2E4DB07D006FF943 /* ChargerListViewModelTests.swift in Sources */ = {isa = PBXBuildFile; fileRef = 153013CD2E4DB07D006FF943 /* ChargerListViewModelTests.swift */; };
		154EF9812E50426A00E0DCDF /* TruckListView.swift in Sources */ = {isa = PBXBuildFile; fileRef = 154EF9802E50426400E0DCDF /* TruckListView.swift */; };
		154EF9832E50427800E0DCDF /* ChargerListView.swift in Sources */ = {isa = PBXBuildFile; fileRef = 154EF9822E50427300E0DCDF /* ChargerListView.swift */; };
		154EF9862E5042BA00E0DCDF /* AssignmentView.swift in Sources */ = {isa = PBXBuildFile; fileRef = 154EF9852E5042B500E0DCDF /* AssignmentView.swift */; };
		154EF9882E50430D00E0DCDF /* ChargerListViewModel.swift in Sources */ = {isa = PBXBuildFile; fileRef = 154EF9872E50430900E0DCDF /* ChargerListViewModel.swift */; };
		154EF98A2E50433F00E0DCDF /* TruckListViewModel.swift in Sources */ = {isa = PBXBuildFile; fileRef = 154EF9892E50433800E0DCDF /* TruckListViewModel.swift */; };
		154EF98C2E50435C00E0DCDF /* AssignmentViewModel.swift in Sources */ = {isa = PBXBuildFile; fileRef = 154EF98B2E50435700E0DCDF /* AssignmentViewModel.swift */; };
		154EF98F2E50439000E0DCDF /* truckData.json in Resources */ = {isa = PBXBuildFile; fileRef = 154EF98E2E50439000E0DCDF /* truckData.json */; };
		154EF9902E50439000E0DCDF /* truckData.json in Resources */ = {isa = PBXBuildFile; fileRef = 154EF98E2E50439000E0DCDF /* truckData.json */; };
		154EF9932E5044E000E0DCDF /* chargerData.json in Resources */ = {isa = PBXBuildFile; fileRef = 154EF9922E5044E000E0DCDF /* chargerData.json */; };
		154EF9972E50497A00E0DCDF /* AppContainer.swift in Sources */ = {isa = PBXBuildFile; fileRef = 154EF9962E50497700E0DCDF /* AppContainer.swift */; };
		154EF9992E50498200E0DCDF /* SegmentedAppContainer.swift in Sources */ = {isa = PBXBuildFile; fileRef = 154EF9982E50497E00E0DCDF /* SegmentedAppContainer.swift */; };
		154EF99B2E505A5A00E0DCDF /* ChargerModel.swift in Sources */ = {isa = PBXBuildFile; fileRef = 154EF99A2E505A5700E0DCDF /* ChargerModel.swift */; };
		154EF99D2E505AA600E0DCDF /* ChargerDataSource.swift in Sources */ = {isa = PBXBuildFile; fileRef = 154EF99C2E505A9C00E0DCDF /* ChargerDataSource.swift */; };
		154EF99F2E505B0100E0DCDF /* ChargerDataSourceImpl.swift in Sources */ = {isa = PBXBuildFile; fileRef = 154EF99E2E505AFC00E0DCDF /* ChargerDataSourceImpl.swift */; };
		154EF9A22E505C8500E0DCDF /* Helpers.swift in Sources */ = {isa = PBXBuildFile; fileRef = 154EF9A12E505C8200E0DCDF /* Helpers.swift */; };
		154EF9A62E5060C200E0DCDF /* TruckModel.swift in Sources */ = {isa = PBXBuildFile; fileRef = 154EF9A52E5060C200E0DCDF /* TruckModel.swift */; };
		154EF9A72E5060C200E0DCDF /* TruckDataSource.swift in Sources */ = {isa = PBXBuildFile; fileRef = 154EF9A42E5060C200E0DCDF /* TruckDataSource.swift */; };
		154EF9A82E5060C200E0DCDF /* TruckDataSourceImpl.swift in Sources */ = {isa = PBXBuildFile; fileRef = 154EF9A32E5060C200E0DCDF /* TruckDataSourceImpl.swift */; };
		154EF9AD2E50656200E0DCDF /* Models.swift in Sources */ = {isa = PBXBuildFile; fileRef = 154EF9AC2E50656000E0DCDF /* Models.swift */; };
		154EF9AF2E50683600E0DCDF /* AssignmentAlgorithmImpl.swift in Sources */ = {isa = PBXBuildFile; fileRef = 154EF9AE2E50683000E0DCDF /* AssignmentAlgorithmImpl.swift */; };
		154EF9B12E50723700E0DCDF /* TimePicker.swift in Sources */ = {isa = PBXBuildFile; fileRef = 154EF9B02E50723500E0DCDF /* TimePicker.swift */; };
		154EF9B32E50776800E0DCDF /* TruckListViewModelTests.swift in Sources */ = {isa = PBXBuildFile; fileRef = 154EF9B22E50776100E0DCDF /* TruckListViewModelTests.swift */; };
		154EF9B92E507A8600E0DCDF /* AssignmentViewModelTests.swift in Sources */ = {isa = PBXBuildFile; fileRef = 154EF9B82E507A8600E0DCDF /* AssignmentViewModelTests.swift */; };
/* End PBXBuildFile section */

/* Begin PBXContainerItemProxy section */
		153013CA2E4DB07D006FF943 /* PBXContainerItemProxy */ = {
			isa = PBXContainerItemProxy;
			containerPortal = 153013B02E4DB07B006FF943 /* Project object */;
			proxyType = 1;
			remoteGlobalIDString = 153013B72E4DB07B006FF943;
			remoteInfo = FleetScheduling;
		};
/* End PBXContainerItemProxy section */

/* Begin PBXFileReference section */
		153013B82E4DB07B006FF943 /* FleetScheduling.app */ = {isa = PBXFileReference; explicitFileType = wrapper.application; includeInIndex = 0; path = FleetScheduling.app; sourceTree = BUILT_PRODUCTS_DIR; };
		153013BB2E4DB07B006FF943 /* FleetSchedulingApp.swift */ = {isa = PBXFileReference; lastKnownFileType = sourcecode.swift; path = FleetSchedulingApp.swift; sourceTree = "<group>"; };
		153013BD2E4DB07B006FF943 /* ContentView.swift */ = {isa = PBXFileReference; lastKnownFileType = sourcecode.swift; path = ContentView.swift; sourceTree = "<group>"; };
		153013BF2E4DB07D006FF943 /* Assets.xcassets */ = {isa = PBXFileReference; lastKnownFileType = folder.assetcatalog; path = Assets.xcassets; sourceTree = "<group>"; };
		153013C12E4DB07D006FF943 /* FleetScheduling.entitlements */ = {isa = PBXFileReference; lastKnownFileType = text.plist.entitlements; path = FleetScheduling.entitlements; sourceTree = "<group>"; };
		153013C32E4DB07D006FF943 /* Preview Assets.xcassets */ = {isa = PBXFileReference; lastKnownFileType = folder.assetcatalog; path = "Preview Assets.xcassets"; sourceTree = "<group>"; };
		153013C92E4DB07D006FF943 /* FleetSchedulingTests.xctest */ = {isa = PBXFileReference; explicitFileType = wrapper.cfbundle; includeInIndex = 0; path = FleetSchedulingTests.xctest; sourceTree = BUILT_PRODUCTS_DIR; };
		153013CD2E4DB07D006FF943 /* ChargerListViewModelTests.swift */ = {isa = PBXFileReference; lastKnownFileType = sourcecode.swift; path = ChargerListViewModelTests.swift; sourceTree = "<group>"; };
		153013D72E4DB07D006FF943 /* FleetSchedulingUITests.swift */ = {isa = PBXFileReference; lastKnownFileType = sourcecode.swift; path = FleetSchedulingUITests.swift; sourceTree = "<group>"; };
		153013D92E4DB07D006FF943 /* FleetSchedulingUITestsLaunchTests.swift */ = {isa = PBXFileReference; lastKnownFileType = sourcecode.swift; path = FleetSchedulingUITestsLaunchTests.swift; sourceTree = "<group>"; };
		154EF9802E50426400E0DCDF /* TruckListView.swift */ = {isa = PBXFileReference; lastKnownFileType = sourcecode.swift; path = TruckListView.swift; sourceTree = "<group>"; };
		154EF9822E50427300E0DCDF /* ChargerListView.swift */ = {isa = PBXFileReference; lastKnownFileType = sourcecode.swift; path = ChargerListView.swift; sourceTree = "<group>"; };
		154EF9852E5042B500E0DCDF /* AssignmentView.swift */ = {isa = PBXFileReference; lastKnownFileType = sourcecode.swift; path = AssignmentView.swift; sourceTree = "<group>"; };
		154EF9872E50430900E0DCDF /* ChargerListViewModel.swift */ = {isa = PBXFileReference; lastKnownFileType = sourcecode.swift; path = ChargerListViewModel.swift; sourceTree = "<group>"; };
		154EF9892E50433800E0DCDF /* TruckListViewModel.swift */ = {isa = PBXFileReference; lastKnownFileType = sourcecode.swift; path = TruckListViewModel.swift; sourceTree = "<group>"; };
		154EF98B2E50435700E0DCDF /* AssignmentViewModel.swift */ = {isa = PBXFileReference; lastKnownFileType = sourcecode.swift; path = AssignmentViewModel.swift; sourceTree = "<group>"; };
		154EF98E2E50439000E0DCDF /* truckData.json */ = {isa = PBXFileReference; lastKnownFileType = text.json; path = truckData.json; sourceTree = "<group>"; };
		154EF9922E5044E000E0DCDF /* chargerData.json */ = {isa = PBXFileReference; lastKnownFileType = text.json; path = chargerData.json; sourceTree = "<group>"; };
		154EF9962E50497700E0DCDF /* AppContainer.swift */ = {isa = PBXFileReference; lastKnownFileType = sourcecode.swift; path = AppContainer.swift; sourceTree = "<group>"; };
		154EF9982E50497E00E0DCDF /* SegmentedAppContainer.swift */ = {isa = PBXFileReference; lastKnownFileType = sourcecode.swift; path = SegmentedAppContainer.swift; sourceTree = "<group>"; };
		154EF99A2E505A5700E0DCDF /* ChargerModel.swift */ = {isa = PBXFileReference; lastKnownFileType = sourcecode.swift; path = ChargerModel.swift; sourceTree = "<group>"; };
		154EF99C2E505A9C00E0DCDF /* ChargerDataSource.swift */ = {isa = PBXFileReference; lastKnownFileType = sourcecode.swift; path = ChargerDataSource.swift; sourceTree = "<group>"; };
		154EF99E2E505AFC00E0DCDF /* ChargerDataSourceImpl.swift */ = {isa = PBXFileReference; lastKnownFileType = sourcecode.swift; path = ChargerDataSourceImpl.swift; sourceTree = "<group>"; };
		154EF9A12E505C8200E0DCDF /* Helpers.swift */ = {isa = PBXFileReference; lastKnownFileType = sourcecode.swift; path = Helpers.swift; sourceTree = "<group>"; };
		154EF9A32E5060C200E0DCDF /* TruckDataSourceImpl.swift */ = {isa = PBXFileReference; lastKnownFileType = sourcecode.swift; path = TruckDataSourceImpl.swift; sourceTree = "<group>"; };
		154EF9A42E5060C200E0DCDF /* TruckDataSource.swift */ = {isa = PBXFileReference; lastKnownFileType = sourcecode.swift; path = TruckDataSource.swift; sourceTree = "<group>"; };
		154EF9A52E5060C200E0DCDF /* TruckModel.swift */ = {isa = PBXFileReference; lastKnownFileType = sourcecode.swift; path = TruckModel.swift; sourceTree = "<group>"; };
		154EF9AC2E50656000E0DCDF /* Models.swift */ = {isa = PBXFileReference; lastKnownFileType = sourcecode.swift; path = Models.swift; sourceTree = "<group>"; };
		154EF9AE2E50683000E0DCDF /* AssignmentAlgorithmImpl.swift */ = {isa = PBXFileReference; lastKnownFileType = sourcecode.swift; path = AssignmentAlgorithmImpl.swift; sourceTree = "<group>"; };
		154EF9B02E50723500E0DCDF /* TimePicker.swift */ = {isa = PBXFileReference; lastKnownFileType = sourcecode.swift; path = TimePicker.swift; sourceTree = "<group>"; };
		154EF9B22E50776100E0DCDF /* TruckListViewModelTests.swift */ = {isa = PBXFileReference; lastKnownFileType = sourcecode.swift; path = TruckListViewModelTests.swift; sourceTree = "<group>"; };
		154EF9B82E507A8600E0DCDF /* AssignmentViewModelTests.swift */ = {isa = PBXFileReference; lastKnownFileType = sourcecode.swift; path = AssignmentViewModelTests.swift; sourceTree = "<group>"; };
/* End PBXFileReference section */

/* Begin PBXFrameworksBuildPhase section */
		153013B52E4DB07B006FF943 /* Frameworks */ = {
			isa = PBXFrameworksBuildPhase;
			buildActionMask = 2147483647;
			files = (
			);
			runOnlyForDeploymentPostprocessing = 0;
		};
		153013C62E4DB07D006FF943 /* Frameworks */ = {
			isa = PBXFrameworksBuildPhase;
			buildActionMask = 2147483647;
			files = (
			);
			runOnlyForDeploymentPostprocessing = 0;
		};
/* End PBXFrameworksBuildPhase section */

/* Begin PBXGroup section */
		153013AF2E4DB07B006FF943 = {
			isa = PBXGroup;
			children = (
				153013BA2E4DB07B006FF943 /* FleetScheduling */,
				153013CC2E4DB07D006FF943 /* FleetSchedulingTests */,
				153013D62E4DB07D006FF943 /* FleetSchedulingUITests */,
				153013B92E4DB07B006FF943 /* Products */,
			);
			sourceTree = "<group>";
		};
		153013B92E4DB07B006FF943 /* Products */ = {
			isa = PBXGroup;
			children = (
				153013B82E4DB07B006FF943 /* FleetScheduling.app */,
				153013C92E4DB07D006FF943 /* FleetSchedulingTests.xctest */,
			);
			name = Products;
			sourceTree = "<group>";
		};
		153013BA2E4DB07B006FF943 /* FleetScheduling */ = {
			isa = PBXGroup;
			children = (
				154EF9A02E505C7D00E0DCDF /* Helpers */,
				154EF9952E50494E00E0DCDF /* AppContainer */,
				154EF9942E50478300E0DCDF /* SegmentControl */,
				154EF9842E50429800E0DCDF /* ScheduleModule */,
				154EF97F2E50423000E0DCDF /* ChargerModule */,
				154EF97E2E50421900E0DCDF /* TruckModule */,
				153013BF2E4DB07D006FF943 /* Assets.xcassets */,
				153013C12E4DB07D006FF943 /* FleetScheduling.entitlements */,
				153013C22E4DB07D006FF943 /* Preview Content */,
			);
			path = FleetScheduling;
			sourceTree = "<group>";
		};
		153013C22E4DB07D006FF943 /* Preview Content */ = {
			isa = PBXGroup;
			children = (
				153013C32E4DB07D006FF943 /* Preview Assets.xcassets */,
			);
			path = "Preview Content";
			sourceTree = "<group>";
		};
		153013CC2E4DB07D006FF943 /* FleetSchedulingTests */ = {
			isa = PBXGroup;
			children = (
				154EF9B22E50776100E0DCDF /* TruckListViewModelTests.swift */,
				154EF9B82E507A8600E0DCDF /* AssignmentViewModelTests.swift */,
				153013CD2E4DB07D006FF943 /* ChargerListViewModelTests.swift */,
			);
			path = FleetSchedulingTests;
			sourceTree = "<group>";
		};
		153013D62E4DB07D006FF943 /* FleetSchedulingUITests */ = {
			isa = PBXGroup;
			children = (
				153013D72E4DB07D006FF943 /* FleetSchedulingUITests.swift */,
				153013D92E4DB07D006FF943 /* FleetSchedulingUITestsLaunchTests.swift */,
			);
			path = FleetSchedulingUITests;
			sourceTree = "<group>";
		};
		154EF97E2E50421900E0DCDF /* TruckModule */ = {
			isa = PBXGroup;
			children = (
				154EF98D2E50437200E0DCDF /* Asset */,
				154EF9A32E5060C200E0DCDF /* TruckDataSourceImpl.swift */,
				154EF9A42E5060C200E0DCDF /* TruckDataSource.swift */,
				154EF9A52E5060C200E0DCDF /* TruckModel.swift */,
				154EF9892E50433800E0DCDF /* TruckListViewModel.swift */,
				154EF9802E50426400E0DCDF /* TruckListView.swift */,
			);
			path = TruckModule;
			sourceTree = "<group>";
		};
		154EF97F2E50423000E0DCDF /* ChargerModule */ = {
			isa = PBXGroup;
			children = (
				154EF9912E5044A000E0DCDF /* Asset */,
				154EF99E2E505AFC00E0DCDF /* ChargerDataSourceImpl.swift */,
				154EF99C2E505A9C00E0DCDF /* ChargerDataSource.swift */,
				154EF99A2E505A5700E0DCDF /* ChargerModel.swift */,
				154EF9872E50430900E0DCDF /* ChargerListViewModel.swift */,
				154EF9822E50427300E0DCDF /* ChargerListView.swift */,
			);
			path = ChargerModule;
			sourceTree = "<group>";
		};
		154EF9842E50429800E0DCDF /* ScheduleModule */ = {
			isa = PBXGroup;
			children = (
				154EF9B02E50723500E0DCDF /* TimePicker.swift */,
				154EF9AE2E50683000E0DCDF /* AssignmentAlgorithmImpl.swift */,
				154EF9AC2E50656000E0DCDF /* Models.swift */,
				154EF98B2E50435700E0DCDF /* AssignmentViewModel.swift */,
				154EF9852E5042B500E0DCDF /* AssignmentView.swift */,
			);
			path = ScheduleModule;
			sourceTree = "<group>";
		};
		154EF98D2E50437200E0DCDF /* Asset */ = {
			isa = PBXGroup;
			children = (
				154EF98E2E50439000E0DCDF /* truckData.json */,
			);
			path = Asset;
			sourceTree = "<group>";
		};
		154EF9912E5044A000E0DCDF /* Asset */ = {
			isa = PBXGroup;
			children = (
				154EF9922E5044E000E0DCDF /* chargerData.json */,
			);
			path = Asset;
			sourceTree = "<group>";
		};
		154EF9942E50478300E0DCDF /* SegmentControl */ = {
			isa = PBXGroup;
			children = (
			);
			path = SegmentControl;
			sourceTree = "<group>";
		};
		154EF9952E50494E00E0DCDF /* AppContainer */ = {
			isa = PBXGroup;
			children = (
				153013BB2E4DB07B006FF943 /* FleetSchedulingApp.swift */,
				153013BD2E4DB07B006FF943 /* ContentView.swift */,
				154EF9982E50497E00E0DCDF /* SegmentedAppContainer.swift */,
				154EF9962E50497700E0DCDF /* AppContainer.swift */,
			);
			path = AppContainer;
			sourceTree = "<group>";
		};
		154EF9A02E505C7D00E0DCDF /* Helpers */ = {
			isa = PBXGroup;
			children = (
				154EF9A12E505C8200E0DCDF /* Helpers.swift */,
			);
			path = Helpers;
			sourceTree = "<group>";
		};
/* End PBXGroup section */

/* Begin PBXNativeTarget section */
		153013B72E4DB07B006FF943 /* FleetScheduling */ = {
			isa = PBXNativeTarget;
			buildConfigurationList = 153013DD2E4DB07D006FF943 /* Build configuration list for PBXNativeTarget "FleetScheduling" */;
			buildPhases = (
				153013B42E4DB07B006FF943 /* Sources */,
				153013B52E4DB07B006FF943 /* Frameworks */,
				153013B62E4DB07B006FF943 /* Resources */,
			);
			buildRules = (
			);
			dependencies = (
			);
			name = FleetScheduling;
			productName = FleetScheduling;
			productReference = 153013B82E4DB07B006FF943 /* FleetScheduling.app */;
			productType = "com.apple.product-type.application";
		};
		153013C82E4DB07D006FF943 /* FleetSchedulingTests */ = {
			isa = PBXNativeTarget;
			buildConfigurationList = 153013E02E4DB07D006FF943 /* Build configuration list for PBXNativeTarget "FleetSchedulingTests" */;
			buildPhases = (
				153013C52E4DB07D006FF943 /* Sources */,
				153013C62E4DB07D006FF943 /* Frameworks */,
				153013C72E4DB07D006FF943 /* Resources */,
			);
			buildRules = (
			);
			dependencies = (
				153013CB2E4DB07D006FF943 /* PBXTargetDependency */,
			);
			name = FleetSchedulingTests;
			productName = FleetSchedulingTests;
			productReference = 153013C92E4DB07D006FF943 /* FleetSchedulingTests.xctest */;
			productType = "com.apple.product-type.bundle.unit-test";
		};
/* End PBXNativeTarget section */

/* Begin PBXProject section */
		153013B02E4DB07B006FF943 /* Project object */ = {
			isa = PBXProject;
			attributes = {
				BuildIndependentTargetsInParallel = 1;
				LastSwiftUpdateCheck = 1540;
				LastUpgradeCheck = 1540;
				TargetAttributes = {
					153013B72E4DB07B006FF943 = {
						CreatedOnToolsVersion = 15.4;
					};
					153013C82E4DB07D006FF943 = {
						CreatedOnToolsVersion = 15.4;
						TestTargetID = 153013B72E4DB07B006FF943;
					};
				};
			};
			buildConfigurationList = 153013B32E4DB07B006FF943 /* Build configuration list for PBXProject "FleetScheduling" */;
			compatibilityVersion = "Xcode 14.0";
			developmentRegion = en;
			hasScannedForEncodings = 0;
			knownRegions = (
				en,
				Base,
			);
			mainGroup = 153013AF2E4DB07B006FF943;
			productRefGroup = 153013B92E4DB07B006FF943 /* Products */;
			projectDirPath = "";
			projectRoot = "";
			targets = (
				153013B72E4DB07B006FF943 /* FleetScheduling */,
				153013C82E4DB07D006FF943 /* FleetSchedulingTests */,
			);
		};
/* End PBXProject section */

/* Begin PBXResourcesBuildPhase section */
		153013B62E4DB07B006FF943 /* Resources */ = {
			isa = PBXResourcesBuildPhase;
			buildActionMask = 2147483647;
			files = (
				154EF9932E5044E000E0DCDF /* chargerData.json in Resources */,
				153013C42E4DB07D006FF943 /* Preview Assets.xcassets in Resources */,
				153013C02E4DB07D006FF943 /* Assets.xcassets in Resources */,
				154EF98F2E50439000E0DCDF /* truckData.json in Resources */,
			);
			runOnlyForDeploymentPostprocessing = 0;
		};
		153013C72E4DB07D006FF943 /* Resources */ = {
			isa = PBXResourcesBuildPhase;
			buildActionMask = 2147483647;
			files = (
				154EF9902E50439000E0DCDF /* truckData.json in Resources */,
			);
			runOnlyForDeploymentPostprocessing = 0;
		};
/* End PBXResourcesBuildPhase section */

/* Begin PBXSourcesBuildPhase section */
		153013B42E4DB07B006FF943 /* Sources */ = {
			isa = PBXSourcesBuildPhase;
			buildActionMask = 2147483647;
			files = (
				154EF98A2E50433F00E0DCDF /* TruckListViewModel.swift in Sources */,
				154EF9A62E5060C200E0DCDF /* TruckModel.swift in Sources */,
				154EF9A72E5060C200E0DCDF /* TruckDataSource.swift in Sources */,
				154EF9A82E5060C200E0DCDF /* TruckDataSourceImpl.swift in Sources */,
				154EF9B12E50723700E0DCDF /* TimePicker.swift in Sources */,
				154EF9A22E505C8500E0DCDF /* Helpers.swift in Sources */,
				154EF99D2E505AA600E0DCDF /* ChargerDataSource.swift in Sources */,
				154EF9862E5042BA00E0DCDF /* AssignmentView.swift in Sources */,
				154EF9972E50497A00E0DCDF /* AppContainer.swift in Sources */,
				154EF9812E50426A00E0DCDF /* TruckListView.swift in Sources */,
				154EF9992E50498200E0DCDF /* SegmentedAppContainer.swift in Sources */,
				154EF9AF2E50683600E0DCDF /* AssignmentAlgorithmImpl.swift in Sources */,
				154EF98C2E50435C00E0DCDF /* AssignmentViewModel.swift in Sources */,
				153013BE2E4DB07B006FF943 /* ContentView.swift in Sources */,
				154EF9882E50430D00E0DCDF /* ChargerListViewModel.swift in Sources */,
				154EF99F2E505B0100E0DCDF /* ChargerDataSourceImpl.swift in Sources */,
				153013BC2E4DB07B006FF943 /* FleetSchedulingApp.swift in Sources */,
				154EF9AD2E50656200E0DCDF /* Models.swift in Sources */,
				154EF9832E50427800E0DCDF /* ChargerListView.swift in Sources */,
				154EF99B2E505A5A00E0DCDF /* ChargerModel.swift in Sources */,
			);
			runOnlyForDeploymentPostprocessing = 0;
		};
		153013C52E4DB07D006FF943 /* Sources */ = {
			isa = PBXSourcesBuildPhase;
			buildActionMask = 2147483647;
			files = (
				154EF9B32E50776800E0DCDF /* TruckListViewModelTests.swift in Sources */,
				154EF9B92E507A8600E0DCDF /* AssignmentViewModelTests.swift in Sources */,
				153013CE2E4DB07D006FF943 /* ChargerListViewModelTests.swift in Sources */,
			);
			runOnlyForDeploymentPostprocessing = 0;
		};
/* End PBXSourcesBuildPhase section */

/* Begin PBXTargetDependency section */
		153013CB2E4DB07D006FF943 /* PBXTargetDependency */ = {
			isa = PBXTargetDependency;
			target = 153013B72E4DB07B006FF943 /* FleetScheduling */;
			targetProxy = 153013CA2E4DB07D006FF943 /* PBXContainerItemProxy */;
		};
/* End PBXTargetDependency section */

/* Begin XCBuildConfiguration section */
		153013DB2E4DB07D006FF943 /* Debug */ = {
			isa = XCBuildConfiguration;
			buildSettings = {
				ALWAYS_SEARCH_USER_PATHS = NO;
				ASSETCATALOG_COMPILER_GENERATE_SWIFT_ASSET_SYMBOL_EXTENSIONS = YES;
				CLANG_ANALYZER_NONNULL = YES;
				CLANG_ANALYZER_NUMBER_OBJECT_CONVERSION = YES_AGGRESSIVE;
				CLANG_CXX_LANGUAGE_STANDARD = "gnu++20";
				CLANG_ENABLE_MODULES = YES;
				CLANG_ENABLE_OBJC_ARC = YES;
				CLANG_ENABLE_OBJC_WEAK = YES;
				CLANG_WARN_BLOCK_CAPTURE_AUTORELEASING = YES;
				CLANG_WARN_BOOL_CONVERSION = YES;
				CLANG_WARN_COMMA = YES;
				CLANG_WARN_CONSTANT_CONVERSION = YES;
				CLANG_WARN_DEPRECATED_OBJC_IMPLEMENTATIONS = YES;
				CLANG_WARN_DIRECT_OBJC_ISA_USAGE = YES_ERROR;
				CLANG_WARN_DOCUMENTATION_COMMENTS = YES;
				CLANG_WARN_EMPTY_BODY = YES;
				CLANG_WARN_ENUM_CONVERSION = YES;
				CLANG_WARN_INFINITE_RECURSION = YES;
				CLANG_WARN_INT_CONVERSION = YES;
				CLANG_WARN_NON_LITERAL_NULL_CONVERSION = YES;
				CLANG_WARN_OBJC_IMPLICIT_RETAIN_SELF = YES;
				CLANG_WARN_OBJC_LITERAL_CONVERSION = YES;
				CLANG_WARN_OBJC_ROOT_CLASS = YES_ERROR;
				CLANG_WARN_QUOTED_INCLUDE_IN_FRAMEWORK_HEADER = YES;
				CLANG_WARN_RANGE_LOOP_ANALYSIS = YES;
				CLANG_WARN_STRICT_PROTOTYPES = YES;
				CLANG_WARN_SUSPICIOUS_MOVE = YES;
				CLANG_WARN_UNGUARDED_AVAILABILITY = YES_AGGRESSIVE;
				CLANG_WARN_UNREACHABLE_CODE = YES;
				CLANG_WARN__DUPLICATE_METHOD_MATCH = YES;
				COPY_PHASE_STRIP = NO;
				DEBUG_INFORMATION_FORMAT = dwarf;
				ENABLE_STRICT_OBJC_MSGSEND = YES;
				ENABLE_TESTABILITY = YES;
				ENABLE_USER_SCRIPT_SANDBOXING = YES;
				GCC_C_LANGUAGE_STANDARD = gnu17;
				GCC_DYNAMIC_NO_PIC = NO;
				GCC_NO_COMMON_BLOCKS = YES;
				GCC_OPTIMIZATION_LEVEL = 0;
				GCC_PREPROCESSOR_DEFINITIONS = (
					"DEBUG=1",
					"$(inherited)",
				);
				GCC_WARN_64_TO_32_BIT_CONVERSION = YES;
				GCC_WARN_ABOUT_RETURN_TYPE = YES_ERROR;
				GCC_WARN_UNDECLARED_SELECTOR = YES;
				GCC_WARN_UNINITIALIZED_AUTOS = YES_AGGRESSIVE;
				GCC_WARN_UNUSED_FUNCTION = YES;
				GCC_WARN_UNUSED_VARIABLE = YES;
				LOCALIZATION_PREFERS_STRING_CATALOGS = YES;
				MTL_ENABLE_DEBUG_INFO = INCLUDE_SOURCE;
				MTL_FAST_MATH = YES;
				ONLY_ACTIVE_ARCH = YES;
				SWIFT_ACTIVE_COMPILATION_CONDITIONS = "DEBUG $(inherited)";
				SWIFT_OPTIMIZATION_LEVEL = "-Onone";
			};
			name = Debug;
		};
		153013DC2E4DB07D006FF943 /* Release */ = {
			isa = XCBuildConfiguration;
			buildSettings = {
				ALWAYS_SEARCH_USER_PATHS = NO;
				ASSETCATALOG_COMPILER_GENERATE_SWIFT_ASSET_SYMBOL_EXTENSIONS = YES;
				CLANG_ANALYZER_NONNULL = YES;
				CLANG_ANALYZER_NUMBER_OBJECT_CONVERSION = YES_AGGRESSIVE;
				CLANG_CXX_LANGUAGE_STANDARD = "gnu++20";
				CLANG_ENABLE_MODULES = YES;
				CLANG_ENABLE_OBJC_ARC = YES;
				CLANG_ENABLE_OBJC_WEAK = YES;
				CLANG_WARN_BLOCK_CAPTURE_AUTORELEASING = YES;
				CLANG_WARN_BOOL_CONVERSION = YES;
				CLANG_WARN_COMMA = YES;
				CLANG_WARN_CONSTANT_CONVERSION = YES;
				CLANG_WARN_DEPRECATED_OBJC_IMPLEMENTATIONS = YES;
				CLANG_WARN_DIRECT_OBJC_ISA_USAGE = YES_ERROR;
				CLANG_WARN_DOCUMENTATION_COMMENTS = YES;
				CLANG_WARN_EMPTY_BODY = YES;
				CLANG_WARN_ENUM_CONVERSION = YES;
				CLANG_WARN_INFINITE_RECURSION = YES;
				CLANG_WARN_INT_CONVERSION = YES;
				CLANG_WARN_NON_LITERAL_NULL_CONVERSION = YES;
				CLANG_WARN_OBJC_IMPLICIT_RETAIN_SELF = YES;
				CLANG_WARN_OBJC_LITERAL_CONVERSION = YES;
				CLANG_WARN_OBJC_ROOT_CLASS = YES_ERROR;
				CLANG_WARN_QUOTED_INCLUDE_IN_FRAMEWORK_HEADER = YES;
				CLANG_WARN_RANGE_LOOP_ANALYSIS = YES;
				CLANG_WARN_STRICT_PROTOTYPES = YES;
				CLANG_WARN_SUSPICIOUS_MOVE = YES;
				CLANG_WARN_UNGUARDED_AVAILABILITY = YES_AGGRESSIVE;
				CLANG_WARN_UNREACHABLE_CODE = YES;
				CLANG_WARN__DUPLICATE_METHOD_MATCH = YES;
				COPY_PHASE_STRIP = NO;
				DEBUG_INFORMATION_FORMAT = "dwarf-with-dsym";
				ENABLE_NS_ASSERTIONS = NO;
				ENABLE_STRICT_OBJC_MSGSEND = YES;
				ENABLE_USER_SCRIPT_SANDBOXING = YES;
				GCC_C_LANGUAGE_STANDARD = gnu17;
				GCC_NO_COMMON_BLOCKS = YES;
				GCC_WARN_64_TO_32_BIT_CONVERSION = YES;
				GCC_WARN_ABOUT_RETURN_TYPE = YES_ERROR;
				GCC_WARN_UNDECLARED_SELECTOR = YES;
				GCC_WARN_UNINITIALIZED_AUTOS = YES_AGGRESSIVE;
				GCC_WARN_UNUSED_FUNCTION = YES;
				GCC_WARN_UNUSED_VARIABLE = YES;
				LOCALIZATION_PREFERS_STRING_CATALOGS = YES;
				MTL_ENABLE_DEBUG_INFO = NO;
				MTL_FAST_MATH = YES;
				SWIFT_COMPILATION_MODE = wholemodule;
			};
			name = Release;
		};
		153013DE2E4DB07D006FF943 /* Debug */ = {
			isa = XCBuildConfiguration;
			buildSettings = {
				ASSETCATALOG_COMPILER_APPICON_NAME = AppIcon;
				ASSETCATALOG_COMPILER_GLOBAL_ACCENT_COLOR_NAME = AccentColor;
				CODE_SIGN_ENTITLEMENTS = FleetScheduling/FleetScheduling.entitlements;
				CODE_SIGN_STYLE = Automatic;
				CURRENT_PROJECT_VERSION = 1;
				DEVELOPMENT_ASSET_PATHS = "\"FleetScheduling/Preview Content\"";
				DEVELOPMENT_TEAM = Y4MB7B6Q62;
				ENABLE_HARDENED_RUNTIME = YES;
				ENABLE_PREVIEWS = YES;
				GENERATE_INFOPLIST_FILE = YES;
				"INFOPLIST_KEY_UIApplicationSceneManifest_Generation[sdk=iphoneos*]" = YES;
				"INFOPLIST_KEY_UIApplicationSceneManifest_Generation[sdk=iphonesimulator*]" = YES;
				"INFOPLIST_KEY_UIApplicationSupportsIndirectInputEvents[sdk=iphoneos*]" = YES;
				"INFOPLIST_KEY_UIApplicationSupportsIndirectInputEvents[sdk=iphonesimulator*]" = YES;
				"INFOPLIST_KEY_UILaunchScreen_Generation[sdk=iphoneos*]" = YES;
				"INFOPLIST_KEY_UILaunchScreen_Generation[sdk=iphonesimulator*]" = YES;
				"INFOPLIST_KEY_UIStatusBarStyle[sdk=iphoneos*]" = UIStatusBarStyleDefault;
				"INFOPLIST_KEY_UIStatusBarStyle[sdk=iphonesimulator*]" = UIStatusBarStyleDefault;
				INFOPLIST_KEY_UISupportedInterfaceOrientations_iPad = "UIInterfaceOrientationPortrait UIInterfaceOrientationPortraitUpsideDown UIInterfaceOrientationLandscapeLeft UIInterfaceOrientationLandscapeRight";
				INFOPLIST_KEY_UISupportedInterfaceOrientations_iPhone = "UIInterfaceOrientationPortrait UIInterfaceOrientationLandscapeLeft UIInterfaceOrientationLandscapeRight";
				IPHONEOS_DEPLOYMENT_TARGET = 17.5;
				LD_RUNPATH_SEARCH_PATHS = "@executable_path/Frameworks";
				"LD_RUNPATH_SEARCH_PATHS[sdk=macosx*]" = "@executable_path/../Frameworks";
				MACOSX_DEPLOYMENT_TARGET = 14.0;
				MARKETING_VERSION = 1.0;
				PRODUCT_BUNDLE_IDENTIFIER = com.FleetScheduling;
				PRODUCT_NAME = "$(TARGET_NAME)";
				SDKROOT = auto;
				SUPPORTED_PLATFORMS = "iphoneos iphonesimulator macosx";
				SWIFT_EMIT_LOC_STRINGS = YES;
				SWIFT_VERSION = 5.0;
				TARGETED_DEVICE_FAMILY = "1,2";
			};
			name = Debug;
		};
		153013DF2E4DB07D006FF943 /* Release */ = {
			isa = XCBuildConfiguration;
			buildSettings = {
				ASSETCATALOG_COMPILER_APPICON_NAME = AppIcon;
				ASSETCATALOG_COMPILER_GLOBAL_ACCENT_COLOR_NAME = AccentColor;
				CODE_SIGN_ENTITLEMENTS = FleetScheduling/FleetScheduling.entitlements;
				CODE_SIGN_STYLE = Automatic;
				CURRENT_PROJECT_VERSION = 1;
				DEVELOPMENT_ASSET_PATHS = "\"FleetScheduling/Preview Content\"";
				DEVELOPMENT_TEAM = Y4MB7B6Q62;
				ENABLE_HARDENED_RUNTIME = YES;
				ENABLE_PREVIEWS = YES;
				GENERATE_INFOPLIST_FILE = YES;
				"INFOPLIST_KEY_UIApplicationSceneManifest_Generation[sdk=iphoneos*]" = YES;
				"INFOPLIST_KEY_UIApplicationSceneManifest_Generation[sdk=iphonesimulator*]" = YES;
				"INFOPLIST_KEY_UIApplicationSupportsIndirectInputEvents[sdk=iphoneos*]" = YES;
				"INFOPLIST_KEY_UIApplicationSupportsIndirectInputEvents[sdk=iphonesimulator*]" = YES;
				"INFOPLIST_KEY_UILaunchScreen_Generation[sdk=iphoneos*]" = YES;
				"INFOPLIST_KEY_UILaunchScreen_Generation[sdk=iphonesimulator*]" = YES;
				"INFOPLIST_KEY_UIStatusBarStyle[sdk=iphoneos*]" = UIStatusBarStyleDefault;
				"INFOPLIST_KEY_UIStatusBarStyle[sdk=iphonesimulator*]" = UIStatusBarStyleDefault;
				INFOPLIST_KEY_UISupportedInterfaceOrientations_iPad = "UIInterfaceOrientationPortrait UIInterfaceOrientationPortraitUpsideDown UIInterfaceOrientationLandscapeLeft UIInterfaceOrientationLandscapeRight";
				INFOPLIST_KEY_UISupportedInterfaceOrientations_iPhone = "UIInterfaceOrientationPortrait UIInterfaceOrientationLandscapeLeft UIInterfaceOrientationLandscapeRight";
				IPHONEOS_DEPLOYMENT_TARGET = 17.5;
				LD_RUNPATH_SEARCH_PATHS = "@executable_path/Frameworks";
				"LD_RUNPATH_SEARCH_PATHS[sdk=macosx*]" = "@executable_path/../Frameworks";
				MACOSX_DEPLOYMENT_TARGET = 14.0;
				MARKETING_VERSION = 1.0;
				PRODUCT_BUNDLE_IDENTIFIER = com.FleetScheduling;
				PRODUCT_NAME = "$(TARGET_NAME)";
				SDKROOT = auto;
				SUPPORTED_PLATFORMS = "iphoneos iphonesimulator macosx";
				SWIFT_EMIT_LOC_STRINGS = YES;
				SWIFT_VERSION = 5.0;
				TARGETED_DEVICE_FAMILY = "1,2";
			};
			name = Release;
		};
		153013E12E4DB07D006FF943 /* Debug */ = {
			isa = XCBuildConfiguration;
			buildSettings = {
				ALWAYS_EMBED_SWIFT_STANDARD_LIBRARIES = YES;
				BUNDLE_LOADER = "$(TEST_HOST)";
				CODE_SIGN_STYLE = Automatic;
				CURRENT_PROJECT_VERSION = 1;
				DEVELOPMENT_TEAM = Y4MB7B6Q62;
				GENERATE_INFOPLIST_FILE = YES;
				IPHONEOS_DEPLOYMENT_TARGET = 17.5;
				MACOSX_DEPLOYMENT_TARGET = 14.0;
				MARKETING_VERSION = 1.0;
				PRODUCT_BUNDLE_IDENTIFIER = com.FleetSchedulingTests;
				PRODUCT_NAME = "$(TARGET_NAME)";
				SDKROOT = auto;
				SUPPORTED_PLATFORMS = "iphoneos iphonesimulator macosx";
				SWIFT_EMIT_LOC_STRINGS = NO;
				SWIFT_VERSION = 5.0;
				TARGETED_DEVICE_FAMILY = "1,2";
				TEST_HOST = "$(BUILT_PRODUCTS_DIR)/FleetScheduling.app/$(BUNDLE_EXECUTABLE_FOLDER_PATH)/FleetScheduling";
			};
			name = Debug;
		};
		153013E22E4DB07D006FF943 /* Release */ = {
			isa = XCBuildConfiguration;
			buildSettings = {
				ALWAYS_EMBED_SWIFT_STANDARD_LIBRARIES = YES;
				BUNDLE_LOADER = "$(TEST_HOST)";
				CODE_SIGN_STYLE = Automatic;
				CURRENT_PROJECT_VERSION = 1;
				DEVELOPMENT_TEAM = Y4MB7B6Q62;
				GENERATE_INFOPLIST_FILE = YES;
				IPHONEOS_DEPLOYMENT_TARGET = 17.5;
				MACOSX_DEPLOYMENT_TARGET = 14.0;
				MARKETING_VERSION = 1.0;
				PRODUCT_BUNDLE_IDENTIFIER = com.FleetSchedulingTests;
				PRODUCT_NAME = "$(TARGET_NAME)";
				SDKROOT = auto;
				SUPPORTED_PLATFORMS = "iphoneos iphonesimulator macosx";
				SWIFT_EMIT_LOC_STRINGS = NO;
				SWIFT_VERSION = 5.0;
				TARGETED_DEVICE_FAMILY = "1,2";
				TEST_HOST = "$(BUILT_PRODUCTS_DIR)/FleetScheduling.app/$(BUNDLE_EXECUTABLE_FOLDER_PATH)/FleetScheduling";
			};
			name = Release;
		};
/* End XCBuildConfiguration section */

/* Begin XCConfigurationList section */
		153013B32E4DB07B006FF943 /* Build configuration list for PBXProject "FleetScheduling" */ = {
			isa = XCConfigurationList;
			buildConfigurations = (
				153013DB2E4DB07D006FF943 /* Debug */,
				153013DC2E4DB07D006FF943 /* Release */,
			);
			defaultConfigurationIsVisible = 0;
			defaultConfigurationName = Release;
		};
		153013DD2E4DB07D006FF943 /* Build configuration list for PBXNativeTarget "FleetScheduling" */ = {
			isa = XCConfigurationList;
			buildConfigurations = (
				153013DE2E4DB07D006FF943 /* Debug */,
				153013DF2E4DB07D006FF943 /* Release */,
			);
			defaultConfigurationIsVisible = 0;
			defaultConfigurationName = Release;
		};
		153013E02E4DB07D006FF943 /* Build configuration list for PBXNativeTarget "FleetSchedulingTests" */ = {
			isa = XCConfigurationList;
			buildConfigurations = (
				153013E12E4DB07D006FF943 /* Debug */,
				153013E22E4DB07D006FF943 /* Release */,
			);
			defaultConfigurationIsVisible = 0;
			defaultConfigurationName = Release;
		};
/* End XCConfigurationList section */
	};
	rootObject = 153013B02E4DB07B006FF943 /* Project object */;
}
